
Microsoft Visual Studio Solution File, Format Version 12.00
# Visual Studio Version 16
VisualStudioVersion = 16.0.33927.289
MinimumVisualStudioVersion = 10.0.40219.1
Project("{2150E333-8FDC-42A3-9474-1A3956D46DE8}") = "Task0", "Task0", "{AD33E5D3-B34B-48A0-AB3E-C1CE33F2DCC3}"
EndProject
Project("{FAE04EC0-301F-11D3-BF4B-00C04F79EFBC}") = "Tyuiu.ChazovaSR.Sprint1.Task0.V0", "Tyuiu.ChazovaSR.Sprint1.Task0.V0\Tyuiu.ChazovaSR.Sprint1.Task0.V0.csproj", "{268EDE2E-B028-434A-849C-3E022B447CA9}"
EndProject
Project("{FAE04EC0-301F-11D3-BF4B-00C04F79EFBC}") = "Tyuiu.ChazovaSR.Sprint1.Task0.V0.Test", "Tyuiu.ChazovaSR.Sprint1.Task0.V0.Test\Tyuiu.ChazovaSR.Sprint1.Task0.V0.Test.csproj", "{1B9BF65A-687F-40B5-A244-866AE4A5FF30}"
EndProject
Project("{FAE04EC0-301F-11D3-BF4B-00C04F79EFBC}") = "Tyuiu.ChazovaSR.Sprint1.Task0.V0.Lib", "Tyuiu.ChazovaSR.Sprint1.Task0.V0.Lib\Tyuiu.ChazovaSR.Sprint1.Task0.V0.Lib.csproj", "{1A0C0F3F-565C-445C-B595-C555430E20B6}"
EndProject
Project("{FAE04EC0-301F-11D3-BF4B-00C04F79EFBC}") = "Tyuiu.ChazovaSR.Sprint1.Task0.V30", "Tyuiu.ChazovaSR.Sprint1.Task0.V30\Tyuiu.ChazovaSR.Sprint1.Task0.V30.csproj", "{194B1161-0598-49E5-A0BB-3FD4C9130189}"
EndProject
Project("{FAE04EC0-301F-11D3-BF4B-00C04F79EFBC}") = "Tyuiu.ChazovaSR.Sprint1.Task0.V30.Lib", "Tyuiu.ChazovaSR.Sprint1.Task0.V30.Lib\Tyuiu.ChazovaSR.Sprint1.Task0.V30.Lib.csproj", "{879A5098-4837-46AE-9515-88985E99E82B}"
EndProject
Project("{FAE04EC0-301F-11D3-BF4B-00C04F79EFBC}") = "Tyuiu.ChazovaSR.Sprint1.Task0.V30.Test", "Tyuiu.ChazovaSR.Sprint1.Task0.V30.Test\Tyuiu.ChazovaSR.Sprint1.Task0.V30.Test.csproj", "{03ECB48B-BCD4-43E4-A255-28EC263B7058}"
EndProject
Project("{2150E333-8FDC-42A3-9474-1A3956D46DE8}") = "Task1", "Task1", "{31E70533-E3CD-46F2-9A47-3BA177095307}"
EndProject
Project("{FAE04EC0-301F-11D3-BF4B-00C04F79EFBC}") = "Tyuiu.ChazovaSR.Sprint1.Task1.V0", "Tyuiu.ChazovaSR.Sprint1.Task1.V0\Tyuiu.ChazovaSR.Sprint1.Task1.V0.csproj", "{E3DD1104-6137-4C51-BA3B-242597BB92B7}"
EndProject
Project("{FAE04EC0-301F-11D3-BF4B-00C04F79EFBC}") = "Tyuiu.ChazovaSR.Sprint1.Task1.V0.Test", "Tyuiu.ChazovaSR.Sprint1.Task1.V0.Test\Tyuiu.ChazovaSR.Sprint1.Task1.V0.Test.csproj", "{2EA60C4F-FC38-4DF5-A9F2-0426AA22EA9A}"
EndProject
Project("{FAE04EC0-301F-11D3-BF4B-00C04F79EFBC}") = "Tyuiu.ChazovaSR.Sprint1.Task1.V0.Lib", "Tyuiu.ChazovaSR.Sprint1.Task1.V0.Lib\Tyuiu.ChazovaSR.Sprint1.Task1.V0.Lib.csproj", "{0DC3D6AA-0C6C-4F48-A0D3-E7E50132DFEB}"
EndProject
Global
	GlobalSection(SolutionConfigurationPlatforms) = preSolution
		Debug|Any CPU = Debug|Any CPU
		Release|Any CPU = Release|Any CPU
	EndGlobalSection
	GlobalSection(ProjectConfigurationPlatforms) = postSolution
		{268EDE2E-B028-434A-849C-3E022B447CA9}.Debug|Any CPU.ActiveCfg = Debug|Any CPU
		{268EDE2E-B028-434A-849C-3E022B447CA9}.Debug|Any CPU.Build.0 = Debug|Any CPU
		{268EDE2E-B028-434A-849C-3E022B447CA9}.Release|Any CPU.ActiveCfg = Release|Any CPU
		{268EDE2E-B028-434A-849C-3E022B447CA9}.Release|Any CPU.Build.0 = Release|Any CPU
		{1B9BF65A-687F-40B5-A244-866AE4A5FF30}.Debug|Any CPU.ActiveCfg = Debug|Any CPU
		{1B9BF65A-687F-40B5-A244-866AE4A5FF30}.Debug|Any CPU.Build.0 = Debug|Any CPU
		{1B9BF65A-687F-40B5-A244-866AE4A5FF30}.Release|Any CPU.ActiveCfg = Release|Any CPU
		{1B9BF65A-687F-40B5-A244-866AE4A5FF30}.Release|Any CPU.Build.0 = Release|Any CPU
		{1A0C0F3F-565C-445C-B595-C555430E20B6}.Debug|Any CPU.ActiveCfg = Debug|Any CPU
		{1A0C0F3F-565C-445C-B595-C555430E20B6}.Debug|Any CPU.Build.0 = Debug|Any CPU
		{1A0C0F3F-565C-445C-B595-C555430E20B6}.Release|Any CPU.ActiveCfg = Release|Any CPU
		{1A0C0F3F-565C-445C-B595-C555430E20B6}.Release|Any CPU.Build.0 = Release|Any CPU
		{194B1161-0598-49E5-A0BB-3FD4C9130189}.Debug|Any CPU.ActiveCfg = Debug|Any CPU
		{194B1161-0598-49E5-A0BB-3FD4C9130189}.Debug|Any CPU.Build.0 = Debug|Any CPU
		{194B1161-0598-49E5-A0BB-3FD4C9130189}.Release|Any CPU.ActiveCfg = Release|Any CPU
		{194B1161-0598-49E5-A0BB-3FD4C9130189}.Release|Any CPU.Build.0 = Release|Any CPU
		{879A5098-4837-46AE-9515-88985E99E82B}.Debug|Any CPU.ActiveCfg = Debug|Any CPU
		{879A5098-4837-46AE-9515-88985E99E82B}.Debug|Any CPU.Build.0 = Debug|Any CPU
		{879A5098-4837-46AE-9515-88985E99E82B}.Release|Any CPU.ActiveCfg = Release|Any CPU
		{879A5098-4837-46AE-9515-88985E99E82B}.Release|Any CPU.Build.0 = Release|Any CPU
		{03ECB48B-BCD4-43E4-A255-28EC263B7058}.Debug|Any CPU.ActiveCfg = Debug|Any CPU
		{03ECB48B-BCD4-43E4-A255-28EC263B7058}.Debug|Any CPU.Build.0 = Debug|Any CPU
		{03ECB48B-BCD4-43E4-A255-28EC263B7058}.Release|Any CPU.ActiveCfg = Release|Any CPU
		{03ECB48B-BCD4-43E4-A255-28EC263B7058}.Release|Any CPU.Build.0 = Release|Any CPU
		{E3DD1104-6137-4C51-BA3B-242597BB92B7}.Debug|Any CPU.ActiveCfg = Debug|Any CPU
		{E3DD1104-6137-4C51-BA3B-242597BB92B7}.Debug|Any CPU.Build.0 = Debug|Any CPU
		{E3DD1104-6137-4C51-BA3B-242597BB92B7}.Release|Any CPU.ActiveCfg = Release|Any CPU
		{E3DD1104-6137-4C51-BA3B-242597BB92B7}.Release|Any CPU.Build.0 = Release|Any CPU
		{2EA60C4F-FC38-4DF5-A9F2-0426AA22EA9A}.Debug|Any CPU.ActiveCfg = Debug|Any CPU
		{2EA60C4F-FC38-4DF5-A9F2-0426AA22EA9A}.Debug|Any CPU.Build.0 = Debug|Any CPU
		{2EA60C4F-FC38-4DF5-A9F2-0426AA22EA9A}.Release|Any CPU.ActiveCfg = Release|Any CPU
		{2EA60C4F-FC38-4DF5-A9F2-0426AA22EA9A}.Release|Any CPU.Build.0 = Release|Any CPU
		{0DC3D6AA-0C6C-4F48-A0D3-E7E50132DFEB}.Debug|Any CPU.ActiveCfg = Debug|Any CPU
		{0DC3D6AA-0C6C-4F48-A0D3-E7E50132DFEB}.Debug|Any CPU.Build.0 = Debug|Any CPU
		{0DC3D6AA-0C6C-4F48-A0D3-E7E50132DFEB}.Release|Any CPU.ActiveCfg = Release|Any CPU
		{0DC3D6AA-0C6C-4F48-A0D3-E7E50132DFEB}.Release|Any CPU.Build.0 = Release|Any CPU
	EndGlobalSection
	GlobalSection(SolutionProperties) = preSolution
		HideSolutionNode = FALSE
	EndGlobalSection
	GlobalSection(NestedProjects) = preSolution
		{268EDE2E-B028-434A-849C-3E022B447CA9} = {AD33E5D3-B34B-48A0-AB3E-C1CE33F2DCC3}
		{1B9BF65A-687F-40B5-A244-866AE4A5FF30} = {AD33E5D3-B34B-48A0-AB3E-C1CE33F2DCC3}
		{1A0C0F3F-565C-445C-B595-C555430E20B6} = {AD33E5D3-B34B-48A0-AB3E-C1CE33F2DCC3}
		{194B1161-0598-49E5-A0BB-3FD4C9130189} = {AD33E5D3-B34B-48A0-AB3E-C1CE33F2DCC3}
		{879A5098-4837-46AE-9515-88985E99E82B} = {AD33E5D3-B34B-48A0-AB3E-C1CE33F2DCC3}
		{03ECB48B-BCD4-43E4-A255-28EC263B7058} = {AD33E5D3-B34B-48A0-AB3E-C1CE33F2DCC3}
		{E3DD1104-6137-4C51-BA3B-242597BB92B7} = {31E70533-E3CD-46F2-9A47-3BA177095307}
		{2EA60C4F-FC38-4DF5-A9F2-0426AA22EA9A} = {31E70533-E3CD-46F2-9A47-3BA177095307}
		{0DC3D6AA-0C6C-4F48-A0D3-E7E50132DFEB} = {31E70533-E3CD-46F2-9A47-3BA177095307}
	EndGlobalSection
	GlobalSection(ExtensibilityGlobals) = postSolution
		SolutionGuid = {E55D2A94-9786-484F-B0D0-95A40B0B8E7D}
	EndGlobalSection
EndGlobal
