
Microsoft Visual Studio Solution File, Format Version 12.00
# Visual Studio Version 16
VisualStudioVersion = 16.0.33927.289
MinimumVisualStudioVersion = 10.0.40219.1
Project("{2150E333-8FDC-42A3-9474-1A3956D46DE8}") = "Task0", "Task0", "{AD33E5D3-B34B-48A0-AB3E-C1CE33F2DCC3}"
EndProject
Project("{FAE04EC0-301F-11D3-BF4B-00C04F79EFBC}") = "Tyuiu.ChazovaSR.Sprint1.Task0.V0", "Tyuiu.ChazovaSR.Sprint1.Task0.V0\Tyuiu.ChazovaSR.Sprint1.Task0.V0.csproj", "{268EDE2E-B028-434A-849C-3E022B447CA9}"
EndProject
Project("{FAE04EC0-301F-11D3-BF4B-00C04F79EFBC}") = "Tyuiu.ChazovaSR.Sprint1.Task0.V0.Test", "Tyuiu.ChazovaSR.Sprint1.Task0.V0.Test\Tyuiu.ChazovaSR.Sprint1.Task0.V0.Test.csproj", "{1B9BF65A-687F-40B5-A244-866AE4A5FF30}"
EndProject
Project("{FAE04EC0-301F-11D3-BF4B-00C04F79EFBC}") = "Tyuiu.ChazovaSR.Sprint1.Task0.V0.Lib", "Tyuiu.ChazovaSR.Sprint1.Task0.V0.Lib\Tyuiu.ChazovaSR.Sprint1.Task0.V0.Lib.csproj", "{1A0C0F3F-565C-445C-B595-C555430E20B6}"
EndProject
Project("{FAE04EC0-301F-11D3-BF4B-00C04F79EFBC}") = "Tyuiu.ChazovaSR.Sprint1.Task0.V30", "Tyuiu.ChazovaSR.Sprint1.Task0.V30\Tyuiu.ChazovaSR.Sprint1.Task0.V30.csproj", "{194B1161-0598-49E5-A0BB-3FD4C9130189}"
EndProject
Project("{FAE04EC0-301F-11D3-BF4B-00C04F79EFBC}") = "Tyuiu.ChazovaSR.Sprint1.Task0.V30.Lib", "Tyuiu.ChazovaSR.Sprint1.Task0.V30.Lib\Tyuiu.ChazovaSR.Sprint1.Task0.V30.Lib.csproj", "{879A5098-4837-46AE-9515-88985E99E82B}"
EndProject
Project("{FAE04EC0-301F-11D3-BF4B-00C04F79EFBC}") = "Tyuiu.ChazovaSR.Sprint1.Task0.V30.Test", "Tyuiu.ChazovaSR.Sprint1.Task0.V30.Test\Tyuiu.ChazovaSR.Sprint1.Task0.V30.Test.csproj", "{03ECB48B-BCD4-43E4-A255-28EC263B7058}"
EndProject
Project("{2150E333-8FDC-42A3-9474-1A3956D46DE8}") = "Task1", "Task1", "{31E70533-E3CD-46F2-9A47-3BA177095307}"
EndProject
Project("{FAE04EC0-301F-11D3-BF4B-00C04F79EFBC}") = "Tyuiu.ChazovaSR.Sprint1.Task1.V0", "Tyuiu.ChazovaSR.Sprint1.Task1.V0\Tyuiu.ChazovaSR.Sprint1.Task1.V0.csproj", "{E3DD1104-6137-4C51-BA3B-242597BB92B7}"
EndProject
Project("{FAE04EC0-301F-11D3-BF4B-00C04F79EFBC}") = "Tyuiu.ChazovaSR.Sprint1.Task1.V0.Test", "Tyuiu.ChazovaSR.Sprint1.Task1.V0.Test\Tyuiu.ChazovaSR.Sprint1.Task1.V0.Test.csproj", "{2EA60C4F-FC38-4DF5-A9F2-0426AA22EA9A}"
EndProject
Project("{FAE04EC0-301F-11D3-BF4B-00C04F79EFBC}") = "Tyuiu.ChazovaSR.Sprint1.Task1.V0.Lib", "Tyuiu.ChazovaSR.Sprint1.Task1.V0.Lib\Tyuiu.ChazovaSR.Sprint1.Task1.V0.Lib.csproj", "{0DC3D6AA-0C6C-4F48-A0D3-E7E50132DFEB}"
EndProject
Project("{2150E333-8FDC-42A3-9474-1A3956D46DE8}") = "Task2", "Task2", "{A932DF7A-815A-4C70-ABF5-657F1F083E0A}"
EndProject
Project("{FAE04EC0-301F-11D3-BF4B-00C04F79EFBC}") = "Tyuiu.ChazovaSR.Sprint1.Task2.V0", "Tyuiu.ChazovaSR.Sprint1.Task2.V0\Tyuiu.ChazovaSR.Sprint1.Task2.V0.csproj", "{929ED2E9-8F03-403E-A3EC-A68AFDFEF91E}"
EndProject
Project("{FAE04EC0-301F-11D3-BF4B-00C04F79EFBC}") = "Tyuiu.ChazovaSR.Sprint1.Task2.V0.Lib", "Tyuiu.ChazovaSR.Sprint1.Task2.V0.Lib\Tyuiu.ChazovaSR.Sprint1.Task2.V0.Lib.csproj", "{8357139D-7DAB-470B-BFA4-5F29FD069294}"
EndProject
Project("{FAE04EC0-301F-11D3-BF4B-00C04F79EFBC}") = "Tyuiu.ChazovaSR.Sprint1.Task2.V0.Test", "Tyuiu.ChazovaSR.Sprint1.Task2.V0.Test\Tyuiu.ChazovaSR.Sprint1.Task2.V0.Test.csproj", "{8253B49C-0B0E-438E-A441-059CBCC7F28E}"
EndProject
Project("{FAE04EC0-301F-11D3-BF4B-00C04F79EFBC}") = "Tyuiu.ChazovaSR.Sprint1.Task2.V9", "Tyuiu.ChazovaSR.Sprint1.Task2.V9\Tyuiu.ChazovaSR.Sprint1.Task2.V9.csproj", "{099B8CF2-7462-426F-A87F-B842E1A6B0E9}"
EndProject
Project("{FAE04EC0-301F-11D3-BF4B-00C04F79EFBC}") = "Tyuiu.ChazovaSR.Sprint1.Task2.V9.Test", "Tyuiu.ChazovaSR.Sprint1.Task2.V9.Test\Tyuiu.ChazovaSR.Sprint1.Task2.V9.Test.csproj", "{C57FA2FB-A4BC-4AA8-84E7-4D8704BE5BE1}"
EndProject
Project("{FAE04EC0-301F-11D3-BF4B-00C04F79EFBC}") = "Tyuiu.ChazovaSR.Sprint1.Task2.V9.Lib", "Tyuiu.ChazovaSR.Sprint1.Task2.V9.Lib\Tyuiu.ChazovaSR.Sprint1.Task2.V9.Lib.csproj", "{3901AF4F-03BB-43AE-8BF8-A8D0B5091AB1}"
EndProject
Project("{FAE04EC0-301F-11D3-BF4B-00C04F79EFBC}") = "Tyuiu.ChazovaSR.Sprint1.Task1.V15", "Tyuiu.ChazovaSR.Sprint1.Task2.V15\Tyuiu.ChazovaSR.Sprint1.Task1.V15.csproj", "{53D219C2-F31B-4A06-B9BF-12DCEDA620B7}"
EndProject
Project("{FAE04EC0-301F-11D3-BF4B-00C04F79EFBC}") = "Tyuiu.ChazovaSR.Sprint1.Task1.V15.Lib", "Tyuiu.ChazovaSR.Sprint1.Task1.V15.Lib\Tyuiu.ChazovaSR.Sprint1.Task1.V15.Lib.csproj", "{FE8FD36D-8E9B-43B7-8B9E-33F42648376B}"
EndProject
Project("{FAE04EC0-301F-11D3-BF4B-00C04F79EFBC}") = "Tyuiu.ChazovaSR.Sprint1.Task1.V15.Test", "Tyuiu.ChazovaSR.Sprint1.Task1.V15.Test\Tyuiu.ChazovaSR.Sprint1.Task1.V15.Test.csproj", "{2F9C45AE-2095-4A2E-A687-C9EB39DABC98}"
EndProject
Project("{2150E333-8FDC-42A3-9474-1A3956D46DE8}") = "Task3", "Task3", "{920C5B1D-2744-48E5-B230-BE5AF9DB3C09}"
EndProject
Project("{FAE04EC0-301F-11D3-BF4B-00C04F79EFBC}") = "Tyuiu.ChazovaSR.Sprint1.Task3.V0", "Tyuiu.ChazovaSR.Sprint1.Task3.V0\Tyuiu.ChazovaSR.Sprint1.Task3.V0.csproj", "{5550FEA4-3931-4688-ACD9-5E10154D69CB}"
EndProject
Project("{FAE04EC0-301F-11D3-BF4B-00C04F79EFBC}") = "Tyuiu.ChazovaSR.Sprint1.Task3.V0.Lib", "Tyuiu.ChazovaSR.Sprint1.Task3.V0.Lib\Tyuiu.ChazovaSR.Sprint1.Task3.V0.Lib.csproj", "{8E39313F-7305-4973-B33D-9E0D703AD817}"
EndProject
Project("{FAE04EC0-301F-11D3-BF4B-00C04F79EFBC}") = "Tyuiu.ChazovaSR.Sprint1.Task3.V0.Test", "Tyuiu.ChazovaSR.Sprint1.Task3.V0.Test\Tyuiu.ChazovaSR.Sprint1.Task3.V0.Test.csproj", "{EE12F0B3-E833-45FE-AB77-A6F3938EB9FE}"
EndProject
Project("{FAE04EC0-301F-11D3-BF4B-00C04F79EFBC}") = "Tyuiu.ChazovaSR.Sprint1.Task3.V3", "Tyuiu.ChazovaSR.Sprint1.Task3.V3\Tyuiu.ChazovaSR.Sprint1.Task3.V3.csproj", "{6E63965B-244A-4BB2-974D-425FAAB2F78D}"
EndProject
Project("{FAE04EC0-301F-11D3-BF4B-00C04F79EFBC}") = "Tyuiu.ChazovaSR.Sprint1.Task3.V3.Test", "Tyuiu.ChazovaSR.Sprint1.Task3.V3.Test\Tyuiu.ChazovaSR.Sprint1.Task3.V3.Test.csproj", "{176C2269-702B-403D-B731-C1B0D499144B}"
EndProject
Project("{FAE04EC0-301F-11D3-BF4B-00C04F79EFBC}") = "Tyuiu.ChazovaSR.Sprint1.Task3.V3.Lib", "Tyuiu.ChazovaSR.Sprint1.Task3.V3.Lib\Tyuiu.ChazovaSR.Sprint1.Task3.V3.Lib.csproj", "{38FF170F-B2EE-42BE-80BB-74E2DCA6B446}"
EndProject
Project("{2150E333-8FDC-42A3-9474-1A3956D46DE8}") = "Task4", "Task4", "{39AE5BFF-48E2-4409-B954-3933336D757F}"
EndProject
Project("{FAE04EC0-301F-11D3-BF4B-00C04F79EFBC}") = "Tyuiu.ChazovaSR.Sprint1.Task4.V0", "Tyuiu.ChazovaSR.Sprint1.Task4.V0\Tyuiu.ChazovaSR.Sprint1.Task4.V0.csproj", "{ADC25464-A2FA-4CC6-833C-0A8D71763ACF}"
EndProject
Project("{FAE04EC0-301F-11D3-BF4B-00C04F79EFBC}") = "Tyuiu.ChazovaSR.Sprint1.Task4.V0.Lib", "Tyuiu.ChazovaSR.Sprint1.Task4.V0.Lib\Tyuiu.ChazovaSR.Sprint1.Task4.V0.Lib.csproj", "{2F2E19CF-FA5D-4A90-B45C-F6CB79560BE8}"
EndProject
Project("{FAE04EC0-301F-11D3-BF4B-00C04F79EFBC}") = "Tyuiu.ChazovaSR.Sprint1.Task4.V0.Test", "Tyuiu.ChazovaSR.Sprint1.Task4.V0.Test\Tyuiu.ChazovaSR.Sprint1.Task4.V0.Test.csproj", "{1E34962F-138F-483F-B867-92ABDB065817}"
EndProject
Project("{FAE04EC0-301F-11D3-BF4B-00C04F79EFBC}") = "Tyuiu.ChazovaSR.Sprint1.Task4.V13", "Tyuiu.ChazovaSR.Sprint1.Task4.V13\Tyuiu.ChazovaSR.Sprint1.Task4.V13.csproj", "{8C9B3084-3FDF-446F-9CAE-BEB55184877A}"
EndProject
Project("{FAE04EC0-301F-11D3-BF4B-00C04F79EFBC}") = "Tyuiu.ChazovaSR.Sprint1.Task4.V13.Test", "Tyuiu.ChazovaSR.Sprint1.Task4.V13.Test\Tyuiu.ChazovaSR.Sprint1.Task4.V13.Test.csproj", "{4259EC2C-A4B6-441E-8205-66509CA3411A}"
EndProject
Project("{FAE04EC0-301F-11D3-BF4B-00C04F79EFBC}") = "Tyuiu.ChazovaSR.Sprint1.Task4.V13.Lib", "Tyuiu.ChazovaSR.Sprint1.Task4.V13.Lib\Tyuiu.ChazovaSR.Sprint1.Task4.V13.Lib.csproj", "{D1A5773C-8C7A-47F9-951E-B65721AD462B}"
EndProject
Project("{2150E333-8FDC-42A3-9474-1A3956D46DE8}") = "Task5", "Task5", "{E6BBCC30-163E-4721-B6E1-8D6C59B22815}"
EndProject
Project("{FAE04EC0-301F-11D3-BF4B-00C04F79EFBC}") = "Tyuiu.ChazovaSR.Sprint1.Task5.V0", "Tyuiu.ChazovaSR.Sprint1.Task5.V0\Tyuiu.ChazovaSR.Sprint1.Task5.V0.csproj", "{0740EA87-808B-4A4D-8747-5DC020865617}"
EndProject
Project("{FAE04EC0-301F-11D3-BF4B-00C04F79EFBC}") = "Tyuiu.ChazovaSR.Sprint1.Task5.V0.Lib", "Tyuiu.ChazovaSR.Sprint1.Task5.V0.Lib\Tyuiu.ChazovaSR.Sprint1.Task5.V0.Lib.csproj", "{0C2FB2BF-C011-4622-911E-FB9E26E1CFAB}"
EndProject
Project("{FAE04EC0-301F-11D3-BF4B-00C04F79EFBC}") = "Tyuiu.ChazovaSR.Sprint1.Task5.V0.Test", "Tyuiu.ChazovaSR.Sprint1.Task5.V0.Test\Tyuiu.ChazovaSR.Sprint1.Task5.V0.Test.csproj", "{7E7EAFCA-83AD-4C6E-A10F-4C3CF9B66C4A}"
EndProject
Project("{FAE04EC0-301F-11D3-BF4B-00C04F79EFBC}") = "Tyuiu.ChazovaSR.Sprint1.Task5.V3", "Tyuiu.ChazovaSR.Sprint1.Task5.V3\Tyuiu.ChazovaSR.Sprint1.Task5.V3.csproj", "{AFA0AADA-B93B-4277-A65A-B3095C9AF047}"
EndProject
Project("{FAE04EC0-301F-11D3-BF4B-00C04F79EFBC}") = "Tyuiu.ChazovaSR.Sprint1.Task5.V3.Lib", "Tyuiu.ChazovaSR.Sprint1.Task5.V3.Lib\Tyuiu.ChazovaSR.Sprint1.Task5.V3.Lib.csproj", "{E72FC617-66F0-43BA-93DC-DF5F158F2F74}"
EndProject
Project("{FAE04EC0-301F-11D3-BF4B-00C04F79EFBC}") = "Tyuiu.ChazovaSR.Sprint1.Task5.V3.Test", "Tyuiu.ChazovaSR.Sprint1.Task5.V3.Test\Tyuiu.ChazovaSR.Sprint1.Task5.V3.Test.csproj", "{D3B0B2D2-0A66-4A88-8A1E-445F6B2A50ED}"
EndProject
Global
	GlobalSection(SolutionConfigurationPlatforms) = preSolution
		Debug|Any CPU = Debug|Any CPU
		Release|Any CPU = Release|Any CPU
	EndGlobalSection
	GlobalSection(ProjectConfigurationPlatforms) = postSolution
		{268EDE2E-B028-434A-849C-3E022B447CA9}.Debug|Any CPU.ActiveCfg = Debug|Any CPU
		{268EDE2E-B028-434A-849C-3E022B447CA9}.Debug|Any CPU.Build.0 = Debug|Any CPU
		{268EDE2E-B028-434A-849C-3E022B447CA9}.Release|Any CPU.ActiveCfg = Release|Any CPU
		{268EDE2E-B028-434A-849C-3E022B447CA9}.Release|Any CPU.Build.0 = Release|Any CPU
		{1B9BF65A-687F-40B5-A244-866AE4A5FF30}.Debug|Any CPU.ActiveCfg = Debug|Any CPU
		{1B9BF65A-687F-40B5-A244-866AE4A5FF30}.Debug|Any CPU.Build.0 = Debug|Any CPU
		{1B9BF65A-687F-40B5-A244-866AE4A5FF30}.Release|Any CPU.ActiveCfg = Release|Any CPU
		{1B9BF65A-687F-40B5-A244-866AE4A5FF30}.Release|Any CPU.Build.0 = Release|Any CPU
		{1A0C0F3F-565C-445C-B595-C555430E20B6}.Debug|Any CPU.ActiveCfg = Debug|Any CPU
		{1A0C0F3F-565C-445C-B595-C555430E20B6}.Debug|Any CPU.Build.0 = Debug|Any CPU
		{1A0C0F3F-565C-445C-B595-C555430E20B6}.Release|Any CPU.ActiveCfg = Release|Any CPU
		{1A0C0F3F-565C-445C-B595-C555430E20B6}.Release|Any CPU.Build.0 = Release|Any CPU
		{194B1161-0598-49E5-A0BB-3FD4C9130189}.Debug|Any CPU.ActiveCfg = Debug|Any CPU
		{194B1161-0598-49E5-A0BB-3FD4C9130189}.Debug|Any CPU.Build.0 = Debug|Any CPU
		{194B1161-0598-49E5-A0BB-3FD4C9130189}.Release|Any CPU.ActiveCfg = Release|Any CPU
		{194B1161-0598-49E5-A0BB-3FD4C9130189}.Release|Any CPU.Build.0 = Release|Any CPU
		{879A5098-4837-46AE-9515-88985E99E82B}.Debug|Any CPU.ActiveCfg = Debug|Any CPU
		{879A5098-4837-46AE-9515-88985E99E82B}.Debug|Any CPU.Build.0 = Debug|Any CPU
		{879A5098-4837-46AE-9515-88985E99E82B}.Release|Any CPU.ActiveCfg = Release|Any CPU
		{879A5098-4837-46AE-9515-88985E99E82B}.Release|Any CPU.Build.0 = Release|Any CPU
		{03ECB48B-BCD4-43E4-A255-28EC263B7058}.Debug|Any CPU.ActiveCfg = Debug|Any CPU
		{03ECB48B-BCD4-43E4-A255-28EC263B7058}.Debug|Any CPU.Build.0 = Debug|Any CPU
		{03ECB48B-BCD4-43E4-A255-28EC263B7058}.Release|Any CPU.ActiveCfg = Release|Any CPU
		{03ECB48B-BCD4-43E4-A255-28EC263B7058}.Release|Any CPU.Build.0 = Release|Any CPU
		{E3DD1104-6137-4C51-BA3B-242597BB92B7}.Debug|Any CPU.ActiveCfg = Debug|Any CPU
		{E3DD1104-6137-4C51-BA3B-242597BB92B7}.Debug|Any CPU.Build.0 = Debug|Any CPU
		{E3DD1104-6137-4C51-BA3B-242597BB92B7}.Release|Any CPU.ActiveCfg = Release|Any CPU
		{E3DD1104-6137-4C51-BA3B-242597BB92B7}.Release|Any CPU.Build.0 = Release|Any CPU
		{2EA60C4F-FC38-4DF5-A9F2-0426AA22EA9A}.Debug|Any CPU.ActiveCfg = Debug|Any CPU
		{2EA60C4F-FC38-4DF5-A9F2-0426AA22EA9A}.Debug|Any CPU.Build.0 = Debug|Any CPU
		{2EA60C4F-FC38-4DF5-A9F2-0426AA22EA9A}.Release|Any CPU.ActiveCfg = Release|Any CPU
		{2EA60C4F-FC38-4DF5-A9F2-0426AA22EA9A}.Release|Any CPU.Build.0 = Release|Any CPU
		{0DC3D6AA-0C6C-4F48-A0D3-E7E50132DFEB}.Debug|Any CPU.ActiveCfg = Debug|Any CPU
		{0DC3D6AA-0C6C-4F48-A0D3-E7E50132DFEB}.Debug|Any CPU.Build.0 = Debug|Any CPU
		{0DC3D6AA-0C6C-4F48-A0D3-E7E50132DFEB}.Release|Any CPU.ActiveCfg = Release|Any CPU
		{0DC3D6AA-0C6C-4F48-A0D3-E7E50132DFEB}.Release|Any CPU.Build.0 = Release|Any CPU
		{929ED2E9-8F03-403E-A3EC-A68AFDFEF91E}.Debug|Any CPU.ActiveCfg = Debug|Any CPU
		{929ED2E9-8F03-403E-A3EC-A68AFDFEF91E}.Debug|Any CPU.Build.0 = Debug|Any CPU
		{929ED2E9-8F03-403E-A3EC-A68AFDFEF91E}.Release|Any CPU.ActiveCfg = Release|Any CPU
		{929ED2E9-8F03-403E-A3EC-A68AFDFEF91E}.Release|Any CPU.Build.0 = Release|Any CPU
		{8357139D-7DAB-470B-BFA4-5F29FD069294}.Debug|Any CPU.ActiveCfg = Debug|Any CPU
		{8357139D-7DAB-470B-BFA4-5F29FD069294}.Debug|Any CPU.Build.0 = Debug|Any CPU
		{8357139D-7DAB-470B-BFA4-5F29FD069294}.Release|Any CPU.ActiveCfg = Release|Any CPU
		{8357139D-7DAB-470B-BFA4-5F29FD069294}.Release|Any CPU.Build.0 = Release|Any CPU
		{8253B49C-0B0E-438E-A441-059CBCC7F28E}.Debug|Any CPU.ActiveCfg = Debug|Any CPU
		{8253B49C-0B0E-438E-A441-059CBCC7F28E}.Debug|Any CPU.Build.0 = Debug|Any CPU
		{8253B49C-0B0E-438E-A441-059CBCC7F28E}.Release|Any CPU.ActiveCfg = Release|Any CPU
		{8253B49C-0B0E-438E-A441-059CBCC7F28E}.Release|Any CPU.Build.0 = Release|Any CPU
		{099B8CF2-7462-426F-A87F-B842E1A6B0E9}.Debug|Any CPU.ActiveCfg = Debug|Any CPU
		{099B8CF2-7462-426F-A87F-B842E1A6B0E9}.Debug|Any CPU.Build.0 = Debug|Any CPU
		{099B8CF2-7462-426F-A87F-B842E1A6B0E9}.Release|Any CPU.ActiveCfg = Release|Any CPU
		{099B8CF2-7462-426F-A87F-B842E1A6B0E9}.Release|Any CPU.Build.0 = Release|Any CPU
		{C57FA2FB-A4BC-4AA8-84E7-4D8704BE5BE1}.Debug|Any CPU.ActiveCfg = Debug|Any CPU
		{C57FA2FB-A4BC-4AA8-84E7-4D8704BE5BE1}.Debug|Any CPU.Build.0 = Debug|Any CPU
		{C57FA2FB-A4BC-4AA8-84E7-4D8704BE5BE1}.Release|Any CPU.ActiveCfg = Release|Any CPU
		{C57FA2FB-A4BC-4AA8-84E7-4D8704BE5BE1}.Release|Any CPU.Build.0 = Release|Any CPU
		{3901AF4F-03BB-43AE-8BF8-A8D0B5091AB1}.Debug|Any CPU.ActiveCfg = Debug|Any CPU
		{3901AF4F-03BB-43AE-8BF8-A8D0B5091AB1}.Debug|Any CPU.Build.0 = Debug|Any CPU
		{3901AF4F-03BB-43AE-8BF8-A8D0B5091AB1}.Release|Any CPU.ActiveCfg = Release|Any CPU
		{3901AF4F-03BB-43AE-8BF8-A8D0B5091AB1}.Release|Any CPU.Build.0 = Release|Any CPU
		{53D219C2-F31B-4A06-B9BF-12DCEDA620B7}.Debug|Any CPU.ActiveCfg = Debug|Any CPU
		{53D219C2-F31B-4A06-B9BF-12DCEDA620B7}.Debug|Any CPU.Build.0 = Debug|Any CPU
		{53D219C2-F31B-4A06-B9BF-12DCEDA620B7}.Release|Any CPU.ActiveCfg = Release|Any CPU
		{53D219C2-F31B-4A06-B9BF-12DCEDA620B7}.Release|Any CPU.Build.0 = Release|Any CPU
		{FE8FD36D-8E9B-43B7-8B9E-33F42648376B}.Debug|Any CPU.ActiveCfg = Debug|Any CPU
		{FE8FD36D-8E9B-43B7-8B9E-33F42648376B}.Debug|Any CPU.Build.0 = Debug|Any CPU
		{FE8FD36D-8E9B-43B7-8B9E-33F42648376B}.Release|Any CPU.ActiveCfg = Release|Any CPU
		{FE8FD36D-8E9B-43B7-8B9E-33F42648376B}.Release|Any CPU.Build.0 = Release|Any CPU
		{2F9C45AE-2095-4A2E-A687-C9EB39DABC98}.Debug|Any CPU.ActiveCfg = Debug|Any CPU
		{2F9C45AE-2095-4A2E-A687-C9EB39DABC98}.Debug|Any CPU.Build.0 = Debug|Any CPU
		{2F9C45AE-2095-4A2E-A687-C9EB39DABC98}.Release|Any CPU.ActiveCfg = Release|Any CPU
		{2F9C45AE-2095-4A2E-A687-C9EB39DABC98}.Release|Any CPU.Build.0 = Release|Any CPU
		{5550FEA4-3931-4688-ACD9-5E10154D69CB}.Debug|Any CPU.ActiveCfg = Debug|Any CPU
		{5550FEA4-3931-4688-ACD9-5E10154D69CB}.Debug|Any CPU.Build.0 = Debug|Any CPU
		{5550FEA4-3931-4688-ACD9-5E10154D69CB}.Release|Any CPU.ActiveCfg = Release|Any CPU
		{5550FEA4-3931-4688-ACD9-5E10154D69CB}.Release|Any CPU.Build.0 = Release|Any CPU
		{8E39313F-7305-4973-B33D-9E0D703AD817}.Debug|Any CPU.ActiveCfg = Debug|Any CPU
		{8E39313F-7305-4973-B33D-9E0D703AD817}.Debug|Any CPU.Build.0 = Debug|Any CPU
		{8E39313F-7305-4973-B33D-9E0D703AD817}.Release|Any CPU.ActiveCfg = Release|Any CPU
		{8E39313F-7305-4973-B33D-9E0D703AD817}.Release|Any CPU.Build.0 = Release|Any CPU
		{EE12F0B3-E833-45FE-AB77-A6F3938EB9FE}.Debug|Any CPU.ActiveCfg = Debug|Any CPU
		{EE12F0B3-E833-45FE-AB77-A6F3938EB9FE}.Debug|Any CPU.Build.0 = Debug|Any CPU
		{EE12F0B3-E833-45FE-AB77-A6F3938EB9FE}.Release|Any CPU.ActiveCfg = Release|Any CPU
		{EE12F0B3-E833-45FE-AB77-A6F3938EB9FE}.Release|Any CPU.Build.0 = Release|Any CPU
		{6E63965B-244A-4BB2-974D-425FAAB2F78D}.Debug|Any CPU.ActiveCfg = Debug|Any CPU
		{6E63965B-244A-4BB2-974D-425FAAB2F78D}.Debug|Any CPU.Build.0 = Debug|Any CPU
		{6E63965B-244A-4BB2-974D-425FAAB2F78D}.Release|Any CPU.ActiveCfg = Release|Any CPU
		{6E63965B-244A-4BB2-974D-425FAAB2F78D}.Release|Any CPU.Build.0 = Release|Any CPU
		{176C2269-702B-403D-B731-C1B0D499144B}.Debug|Any CPU.ActiveCfg = Debug|Any CPU
		{176C2269-702B-403D-B731-C1B0D499144B}.Debug|Any CPU.Build.0 = Debug|Any CPU
		{176C2269-702B-403D-B731-C1B0D499144B}.Release|Any CPU.ActiveCfg = Release|Any CPU
		{176C2269-702B-403D-B731-C1B0D499144B}.Release|Any CPU.Build.0 = Release|Any CPU
		{38FF170F-B2EE-42BE-80BB-74E2DCA6B446}.Debug|Any CPU.ActiveCfg = Debug|Any CPU
		{38FF170F-B2EE-42BE-80BB-74E2DCA6B446}.Debug|Any CPU.Build.0 = Debug|Any CPU
		{38FF170F-B2EE-42BE-80BB-74E2DCA6B446}.Release|Any CPU.ActiveCfg = Release|Any CPU
		{38FF170F-B2EE-42BE-80BB-74E2DCA6B446}.Release|Any CPU.Build.0 = Release|Any CPU
		{ADC25464-A2FA-4CC6-833C-0A8D71763ACF}.Debug|Any CPU.ActiveCfg = Debug|Any CPU
		{ADC25464-A2FA-4CC6-833C-0A8D71763ACF}.Debug|Any CPU.Build.0 = Debug|Any CPU
		{ADC25464-A2FA-4CC6-833C-0A8D71763ACF}.Release|Any CPU.ActiveCfg = Release|Any CPU
		{ADC25464-A2FA-4CC6-833C-0A8D71763ACF}.Release|Any CPU.Build.0 = Release|Any CPU
		{2F2E19CF-FA5D-4A90-B45C-F6CB79560BE8}.Debug|Any CPU.ActiveCfg = Debug|Any CPU
		{2F2E19CF-FA5D-4A90-B45C-F6CB79560BE8}.Debug|Any CPU.Build.0 = Debug|Any CPU
		{2F2E19CF-FA5D-4A90-B45C-F6CB79560BE8}.Release|Any CPU.ActiveCfg = Release|Any CPU
		{2F2E19CF-FA5D-4A90-B45C-F6CB79560BE8}.Release|Any CPU.Build.0 = Release|Any CPU
		{1E34962F-138F-483F-B867-92ABDB065817}.Debug|Any CPU.ActiveCfg = Debug|Any CPU
		{1E34962F-138F-483F-B867-92ABDB065817}.Debug|Any CPU.Build.0 = Debug|Any CPU
		{1E34962F-138F-483F-B867-92ABDB065817}.Release|Any CPU.ActiveCfg = Release|Any CPU
		{1E34962F-138F-483F-B867-92ABDB065817}.Release|Any CPU.Build.0 = Release|Any CPU
		{8C9B3084-3FDF-446F-9CAE-BEB55184877A}.Debug|Any CPU.ActiveCfg = Debug|Any CPU
		{8C9B3084-3FDF-446F-9CAE-BEB55184877A}.Debug|Any CPU.Build.0 = Debug|Any CPU
		{8C9B3084-3FDF-446F-9CAE-BEB55184877A}.Release|Any CPU.ActiveCfg = Release|Any CPU
		{8C9B3084-3FDF-446F-9CAE-BEB55184877A}.Release|Any CPU.Build.0 = Release|Any CPU
		{4259EC2C-A4B6-441E-8205-66509CA3411A}.Debug|Any CPU.ActiveCfg = Debug|Any CPU
		{4259EC2C-A4B6-441E-8205-66509CA3411A}.Debug|Any CPU.Build.0 = Debug|Any CPU
		{4259EC2C-A4B6-441E-8205-66509CA3411A}.Release|Any CPU.ActiveCfg = Release|Any CPU
		{4259EC2C-A4B6-441E-8205-66509CA3411A}.Release|Any CPU.Build.0 = Release|Any CPU
		{D1A5773C-8C7A-47F9-951E-B65721AD462B}.Debug|Any CPU.ActiveCfg = Debug|Any CPU
		{D1A5773C-8C7A-47F9-951E-B65721AD462B}.Debug|Any CPU.Build.0 = Debug|Any CPU
		{D1A5773C-8C7A-47F9-951E-B65721AD462B}.Release|Any CPU.ActiveCfg = Release|Any CPU
		{D1A5773C-8C7A-47F9-951E-B65721AD462B}.Release|Any CPU.Build.0 = Release|Any CPU
		{0740EA87-808B-4A4D-8747-5DC020865617}.Debug|Any CPU.ActiveCfg = Debug|Any CPU
		{0740EA87-808B-4A4D-8747-5DC020865617}.Debug|Any CPU.Build.0 = Debug|Any CPU
		{0740EA87-808B-4A4D-8747-5DC020865617}.Release|Any CPU.ActiveCfg = Release|Any CPU
		{0740EA87-808B-4A4D-8747-5DC020865617}.Release|Any CPU.Build.0 = Release|Any CPU
		{0C2FB2BF-C011-4622-911E-FB9E26E1CFAB}.Debug|Any CPU.ActiveCfg = Debug|Any CPU
		{0C2FB2BF-C011-4622-911E-FB9E26E1CFAB}.Debug|Any CPU.Build.0 = Debug|Any CPU
		{0C2FB2BF-C011-4622-911E-FB9E26E1CFAB}.Release|Any CPU.ActiveCfg = Release|Any CPU
		{0C2FB2BF-C011-4622-911E-FB9E26E1CFAB}.Release|Any CPU.Build.0 = Release|Any CPU
		{7E7EAFCA-83AD-4C6E-A10F-4C3CF9B66C4A}.Debug|Any CPU.ActiveCfg = Debug|Any CPU
		{7E7EAFCA-83AD-4C6E-A10F-4C3CF9B66C4A}.Debug|Any CPU.Build.0 = Debug|Any CPU
		{7E7EAFCA-83AD-4C6E-A10F-4C3CF9B66C4A}.Release|Any CPU.ActiveCfg = Release|Any CPU
		{7E7EAFCA-83AD-4C6E-A10F-4C3CF9B66C4A}.Release|Any CPU.Build.0 = Release|Any CPU
		{AFA0AADA-B93B-4277-A65A-B3095C9AF047}.Debug|Any CPU.ActiveCfg = Debug|Any CPU
		{AFA0AADA-B93B-4277-A65A-B3095C9AF047}.Debug|Any CPU.Build.0 = Debug|Any CPU
		{AFA0AADA-B93B-4277-A65A-B3095C9AF047}.Release|Any CPU.ActiveCfg = Release|Any CPU
		{AFA0AADA-B93B-4277-A65A-B3095C9AF047}.Release|Any CPU.Build.0 = Release|Any CPU
		{E72FC617-66F0-43BA-93DC-DF5F158F2F74}.Debug|Any CPU.ActiveCfg = Debug|Any CPU
		{E72FC617-66F0-43BA-93DC-DF5F158F2F74}.Debug|Any CPU.Build.0 = Debug|Any CPU
		{E72FC617-66F0-43BA-93DC-DF5F158F2F74}.Release|Any CPU.ActiveCfg = Release|Any CPU
		{E72FC617-66F0-43BA-93DC-DF5F158F2F74}.Release|Any CPU.Build.0 = Release|Any CPU
		{D3B0B2D2-0A66-4A88-8A1E-445F6B2A50ED}.Debug|Any CPU.ActiveCfg = Debug|Any CPU
		{D3B0B2D2-0A66-4A88-8A1E-445F6B2A50ED}.Debug|Any CPU.Build.0 = Debug|Any CPU
		{D3B0B2D2-0A66-4A88-8A1E-445F6B2A50ED}.Release|Any CPU.ActiveCfg = Release|Any CPU
		{D3B0B2D2-0A66-4A88-8A1E-445F6B2A50ED}.Release|Any CPU.Build.0 = Release|Any CPU
	EndGlobalSection
	GlobalSection(SolutionProperties) = preSolution
		HideSolutionNode = FALSE
	EndGlobalSection
	GlobalSection(NestedProjects) = preSolution
		{268EDE2E-B028-434A-849C-3E022B447CA9} = {AD33E5D3-B34B-48A0-AB3E-C1CE33F2DCC3}
		{1B9BF65A-687F-40B5-A244-866AE4A5FF30} = {AD33E5D3-B34B-48A0-AB3E-C1CE33F2DCC3}
		{1A0C0F3F-565C-445C-B595-C555430E20B6} = {AD33E5D3-B34B-48A0-AB3E-C1CE33F2DCC3}
		{194B1161-0598-49E5-A0BB-3FD4C9130189} = {AD33E5D3-B34B-48A0-AB3E-C1CE33F2DCC3}
		{879A5098-4837-46AE-9515-88985E99E82B} = {AD33E5D3-B34B-48A0-AB3E-C1CE33F2DCC3}
		{03ECB48B-BCD4-43E4-A255-28EC263B7058} = {AD33E5D3-B34B-48A0-AB3E-C1CE33F2DCC3}
		{E3DD1104-6137-4C51-BA3B-242597BB92B7} = {31E70533-E3CD-46F2-9A47-3BA177095307}
		{2EA60C4F-FC38-4DF5-A9F2-0426AA22EA9A} = {31E70533-E3CD-46F2-9A47-3BA177095307}
		{0DC3D6AA-0C6C-4F48-A0D3-E7E50132DFEB} = {31E70533-E3CD-46F2-9A47-3BA177095307}
		{929ED2E9-8F03-403E-A3EC-A68AFDFEF91E} = {A932DF7A-815A-4C70-ABF5-657F1F083E0A}
		{8357139D-7DAB-470B-BFA4-5F29FD069294} = {A932DF7A-815A-4C70-ABF5-657F1F083E0A}
		{8253B49C-0B0E-438E-A441-059CBCC7F28E} = {A932DF7A-815A-4C70-ABF5-657F1F083E0A}
		{099B8CF2-7462-426F-A87F-B842E1A6B0E9} = {A932DF7A-815A-4C70-ABF5-657F1F083E0A}
		{C57FA2FB-A4BC-4AA8-84E7-4D8704BE5BE1} = {A932DF7A-815A-4C70-ABF5-657F1F083E0A}
		{3901AF4F-03BB-43AE-8BF8-A8D0B5091AB1} = {A932DF7A-815A-4C70-ABF5-657F1F083E0A}
		{53D219C2-F31B-4A06-B9BF-12DCEDA620B7} = {31E70533-E3CD-46F2-9A47-3BA177095307}
		{FE8FD36D-8E9B-43B7-8B9E-33F42648376B} = {31E70533-E3CD-46F2-9A47-3BA177095307}
		{2F9C45AE-2095-4A2E-A687-C9EB39DABC98} = {31E70533-E3CD-46F2-9A47-3BA177095307}
		{5550FEA4-3931-4688-ACD9-5E10154D69CB} = {920C5B1D-2744-48E5-B230-BE5AF9DB3C09}
		{8E39313F-7305-4973-B33D-9E0D703AD817} = {920C5B1D-2744-48E5-B230-BE5AF9DB3C09}
		{EE12F0B3-E833-45FE-AB77-A6F3938EB9FE} = {920C5B1D-2744-48E5-B230-BE5AF9DB3C09}
		{6E63965B-244A-4BB2-974D-425FAAB2F78D} = {920C5B1D-2744-48E5-B230-BE5AF9DB3C09}
		{176C2269-702B-403D-B731-C1B0D499144B} = {920C5B1D-2744-48E5-B230-BE5AF9DB3C09}
		{38FF170F-B2EE-42BE-80BB-74E2DCA6B446} = {920C5B1D-2744-48E5-B230-BE5AF9DB3C09}
		{ADC25464-A2FA-4CC6-833C-0A8D71763ACF} = {39AE5BFF-48E2-4409-B954-3933336D757F}
		{2F2E19CF-FA5D-4A90-B45C-F6CB79560BE8} = {39AE5BFF-48E2-4409-B954-3933336D757F}
		{1E34962F-138F-483F-B867-92ABDB065817} = {39AE5BFF-48E2-4409-B954-3933336D757F}
		{8C9B3084-3FDF-446F-9CAE-BEB55184877A} = {39AE5BFF-48E2-4409-B954-3933336D757F}
		{4259EC2C-A4B6-441E-8205-66509CA3411A} = {39AE5BFF-48E2-4409-B954-3933336D757F}
		{D1A5773C-8C7A-47F9-951E-B65721AD462B} = {39AE5BFF-48E2-4409-B954-3933336D757F}
		{0740EA87-808B-4A4D-8747-5DC020865617} = {E6BBCC30-163E-4721-B6E1-8D6C59B22815}
		{0C2FB2BF-C011-4622-911E-FB9E26E1CFAB} = {E6BBCC30-163E-4721-B6E1-8D6C59B22815}
		{7E7EAFCA-83AD-4C6E-A10F-4C3CF9B66C4A} = {E6BBCC30-163E-4721-B6E1-8D6C59B22815}
		{AFA0AADA-B93B-4277-A65A-B3095C9AF047} = {E6BBCC30-163E-4721-B6E1-8D6C59B22815}
		{E72FC617-66F0-43BA-93DC-DF5F158F2F74} = {E6BBCC30-163E-4721-B6E1-8D6C59B22815}
		{D3B0B2D2-0A66-4A88-8A1E-445F6B2A50ED} = {E6BBCC30-163E-4721-B6E1-8D6C59B22815}
	EndGlobalSection
	GlobalSection(ExtensibilityGlobals) = postSolution
		SolutionGuid = {E55D2A94-9786-484F-B0D0-95A40B0B8E7D}
	EndGlobalSection
EndGlobal
